// !$*UTF8*$!
{
	archiveVersion = 1;
	classes = {
	};
	objectVersion = 46;
	objects = {

/* Begin PBXBuildFile section */
		4435DF551CEA1CD500D0C3B5 /* main.swift in Sources */ = {isa = PBXBuildFile; fileRef = 4435DF541CEA1CD500D0C3B5 /* main.swift */; };
/* End PBXBuildFile section */

/* Begin PBXCopyFilesBuildPhase section */
		4435DF4F1CEA1CD500D0C3B5 /* CopyFiles */ = {
			isa = PBXCopyFilesBuildPhase;
			buildActionMask = 2147483647;
			dstPath = /usr/share/man/man1/;
			dstSubfolderSpec = 0;
			files = (
			);
			runOnlyForDeploymentPostprocessing = 1;
		};
/* End PBXCopyFilesBuildPhase section */

/* Begin PBXFileReference section */
		4435DF511CEA1CD500D0C3B5 /* hiroshipaiza */ = {isa = PBXFileReference; explicitFileType = "compiled.mach-o.executable"; includeInIndex = 0; path = hiroshipaiza; sourceTree = BUILT_PRODUCTS_DIR; };
		4435DF541CEA1CD500D0C3B5 /* main.swift */ = {isa = PBXFileReference; lastKnownFileType = sourcecode.swift; path = main.swift; sourceTree = "<group>"; };
/* End PBXFileReference section */

/* Begin PBXFrameworksBuildPhase section */
		4435DF4E1CEA1CD500D0C3B5 /* Frameworks */ = {
			isa = PBXFrameworksBuildPhase;
			buildActionMask = 2147483647;
			files = (
			);
			runOnlyForDeploymentPostprocessing = 0;
		};
/* End PBXFrameworksBuildPhase section */

/* Begin PBXGroup section */
		4435DF481CEA1CD500D0C3B5 = {
			isa = PBXGroup;
			children = (
				4435DF531CEA1CD500D0C3B5 /* hiroshipaiza */,
				4435DF521CEA1CD500D0C3B5 /* Products */,
			);
			sourceTree = "<group>";
		};
		4435DF521CEA1CD500D0C3B5 /* Products */ = {
			isa = PBXGroup;
			children = (
				4435DF511CEA1CD500D0C3B5 /* hiroshipaiza */,
			);
			name = Products;
			sourceTree = "<group>";
		};
		4435DF531CEA1CD500D0C3B5 /* hiroshipaiza */ = {
			isa = PBXGroup;
			children = (
				4435DF541CEA1CD500D0C3B5 /* main.swift */,
			);
			path = hiroshipaiza;
			sourceTree = "<group>";
		};
/* End PBXGroup section */

/* Begin PBXNativeTarget section */
		4435DF501CEA1CD500D0C3B5 /* hiroshipaiza */ = {
			isa = PBXNativeTarget;
			buildConfigurationList = 4435DF581CEA1CD500D0C3B5 /* Build configuration list for PBXNativeTarget "hiroshipaiza" */;
			buildPhases = (
				4435DF4D1CEA1CD500D0C3B5 /* Sources */,
				4435DF4E1CEA1CD500D0C3B5 /* Frameworks */,
				4435DF4F1CEA1CD500D0C3B5 /* CopyFiles */,
			);
			buildRules = (
			);
			dependencies = (
			);
			name = hiroshipaiza;
			productName = hiroshipaiza;
			productReference = 4435DF511CEA1CD500D0C3B5 /* hiroshipaiza */;
			productType = "com.apple.product-type.tool";
		};
/* End PBXNativeTarget section */

/* Begin PBXProject section */
		4435DF491CEA1CD500D0C3B5 /* Project object */ = {
			isa = PBXProject;
			attributes = {
				LastSwiftUpdateCheck = 0720;
				LastUpgradeCheck = 0720;
				ORGANIZATIONNAME = hiroshings;
				TargetAttributes = {
					4435DF501CEA1CD500D0C3B5 = {
						CreatedOnToolsVersion = 7.2.1;
					};
				};
			};
			buildConfigurationList = 4435DF4C1CEA1CD500D0C3B5 /* Build configuration list for PBXProject "hiroshipaiza" */;
			compatibilityVersion = "Xcode 3.2";
			developmentRegion = English;
			hasScannedForEncodings = 0;
			knownRegions = (
				en,
			);
			mainGroup = 4435DF481CEA1CD500D0C3B5;
			productRefGroup = 4435DF521CEA1CD500D0C3B5 /* Products */;
			projectDirPath = "";
			projectRoot = "";
			targets = (
				4435DF501CEA1CD500D0C3B5 /* hiroshipaiza */,
			);
		};
/* End PBXProject section */

/* Begin PBXSourcesBuildPhase section */
		4435DF4D1CEA1CD500D0C3B5 /* Sources */ = {
			isa = PBXSourcesBuildPhase;
			buildActionMask = 2147483647;
			files = (
				4435DF551CEA1CD500D0C3B5 /* main.swift in Sources */,
			);
			runOnlyForDeploymentPostprocessing = 0;
		};
/* End PBXSourcesBuildPhase section */

/* Begin XCBuildConfiguration section */
		4435DF561CEA1CD500D0C3B5 /* Debug */ = {
			isa = XCBuildConfiguration;
			buildSettings = {
				ALWAYS_SEARCH_USER_PATHS = NO;
				CLANG_CXX_LANGUAGE_STANDARD = "gnu++0x";
				CLANG_CXX_LIBRARY = "libc++";
				CLANG_ENABLE_MODULES = YES;
				CLANG_ENABLE_OBJC_ARC = YES;
				CLANG_WARN_BOOL_CONVERSION = YES;
				CLANG_WARN_CONSTANT_CONVERSION = YES;
				CLANG_WARN_DIRECT_OBJC_ISA_USAGE = YES_ERROR;
				CLANG_WARN_EMPTY_BODY = YES;
				CLANG_WARN_ENUM_CONVERSION = YES;
				CLANG_WARN_INT_CONVERSION = YES;
				CLANG_WARN_OBJC_ROOT_CLASS = YES_ERROR;
				CLANG_WARN_UNREACHABLE_CODE = YES;
				CLANG_WARN__DUPLICATE_METHOD_MATCH = YES;
				CODE_SIGN_IDENTITY = "-";
				COPY_PHASE_STRIP = NO;
				DEBUG_INFORMATION_FORMAT = dwarf;
				ENABLE_STRICT_OBJC_MSGSEND = YES;
				ENABLE_TESTABILITY = YES;
				GCC_C_LANGUAGE_STANDARD = gnu99;
				GCC_DYNAMIC_NO_PIC = NO;
				GCC_NO_COMMON_BLOCKS = YES;
				GCC_OPTIMIZATION_LEVEL = 0;
				GCC_PREPROCESSOR_DEFINITIONS = (
					"DEBUG=1",
					"$(inherited)",
				);
				GCC_WARN_64_TO_32_BIT_CONVERSION = YES;
				GCC_WARN_ABOUT_RETURN_TYPE = YES_ERROR;
				GCC_WARN_UNDECLARED_SELECTOR = YES;
				GCC_WARN_UNINITIALIZED_AUTOS = YES_AGGRESSIVE;
				GCC_WARN_UNUSED_FUNCTION = YES;
				GCC_WARN_UNUSED_VARIABLE = YES;
				MACOSX_DEPLOYMENT_TARGET = 10.11;
				MTL_ENABLE_DEBUG_INFO = YES;
				ONLY_ACTIVE_ARCH = YES;
				SDKROOT = macosx;
				SWIFT_OPTIMIZATION_LEVEL = "-Onone";
			};
			name = Debug;
		};
		4435DF571CEA1CD500D0C3B5 /* Release */ = {
			isa = XCBuildConfiguration;
			buildSettings = {
				ALWAYS_SEARCH_USER_PATHS = NO;
				CLANG_CXX_LANGUAGE_STANDARD = "gnu++0x";
				CLANG_CXX_LIBRARY = "libc++";
				CLANG_ENABLE_MODULES = YES;
				CLANG_ENABLE_OBJC_ARC = YES;
				CLANG_WARN_BOOL_CONVERSION = YES;
				CLANG_WARN_CONSTANT_CONVERSION = YES;
				CLANG_WARN_DIRECT_OBJC_ISA_USAGE = YES_ERROR;
				CLANG_WARN_EMPTY_BODY = YES;
				CLANG_WARN_ENUM_CONVERSION = YES;
				CLANG_WARN_INT_CONVERSION = YES;
				CLANG_WARN_OBJC_ROOT_CLASS = YES_ERROR;
				CLANG_WARN_UNREACHABLE_CODE = YES;
				CLANG_WARN__DUPLICATE_METHOD_MATCH = YES;
				CODE_SIGN_IDENTITY = "-";
				COPY_PHASE_STRIP = NO;
				DEBUG_INFORMATION_FORMAT = "dwarf-with-dsym";
				ENABLE_NS_ASSERTIONS = NO;
				ENABLE_STRICT_OBJC_MSGSEND = YES;
				GCC_C_LANGUAGE_STANDARD = gnu99;
				GCC_NO_COMMON_BLOCKS = YES;
				GCC_WARN_64_TO_32_BIT_CONVERSION = YES;
				GCC_WARN_ABOUT_RETURN_TYPE = YES_ERROR;
				GCC_WARN_UNDECLARED_SELECTOR = YES;
				GCC_WARN_UNINITIALIZED_AUTOS = YES_AGGRESSIVE;
				GCC_WARN_UNUSED_FUNCTION = YES;
				GCC_WARN_UNUSED_VARIABLE = YES;
				MACOSX_DEPLOYMENT_TARGET = 10.11;
				MTL_ENABLE_DEBUG_INFO = NO;
				SDKROOT = macosx;
			};
			name = Release;
		};
		4435DF591CEA1CD500D0C3B5 /* Debug */ = {
			isa = XCBuildConfiguration;
			buildSettings = {
				PRODUCT_NAME = "$(TARGET_NAME)";
			};
			name = Debug;
		};
		4435DF5A1CEA1CD500D0C3B5 /* Release */ = {
			isa = XCBuildConfiguration;
			buildSettings = {
				PRODUCT_NAME = "$(TARGET_NAME)";
			};
			name = Release;
		};
/* End XCBuildConfiguration section */

/* Begin XCConfigurationList section */
		4435DF4C1CEA1CD500D0C3B5 /* Build configuration list for PBXProject "hiroshipaiza" */ = {
			isa = XCConfigurationList;
			buildConfigurations = (
				4435DF561CEA1CD500D0C3B5 /* Debug */,
				4435DF571CEA1CD500D0C3B5 /* Release */,
			);
			defaultConfigurationIsVisible = 0;
			defaultConfigurationName = Release;
		};
		4435DF581CEA1CD500D0C3B5 /* Build configuration list for PBXNativeTarget "hiroshipaiza" */ = {
			isa = XCConfigurationList;
			buildConfigurations = (
				4435DF591CEA1CD500D0C3B5 /* Debug */,
				4435DF5A1CEA1CD500D0C3B5 /* Release */,
			);
			defaultConfigurationIsVisible = 0;
		};
/* End XCConfigurationList section */
	};
	rootObject = 4435DF491CEA1CD500D0C3B5 /* Project object */;
}
